
Microsoft Visual Studio Solution File, Format Version 12.00
# Visual Studio 15
VisualStudioVersion = 15.0.26124.0
MinimumVisualStudioVersion = 15.0.26124.0
Project("{2150E333-8FDC-42A3-9474-1A3956D46DE8}") = "src", "src", "{93612255-655D-42FA-8C21-F8C2F860B6FF}"
EndProject
Project("{2150E333-8FDC-42A3-9474-1A3956D46DE8}") = "Core", "Core", "{28FB9832-91E7-45ED-88A5-AC598E768A05}"
EndProject
Project("{FAE04EC0-301F-11D3-BF4B-00C04F79EFBC}") = "Infrastructure", "src\Core\Infrastructure\Infrastructure.csproj", "{36DBAAA0-0889-47C2-99ED-598738535109}"
EndProject
Project("{2150E333-8FDC-42A3-9474-1A3956D46DE8}") = "Microservices", "Microservices", "{E7B020DC-EC9A-4FF0-B1F3-F119E1853138}"
EndProject
Project("{2150E333-8FDC-42A3-9474-1A3956D46DE8}") = "Document", "Document", "{B61A4401-E8D7-4956-9A8C-4A54B1331800}"
EndProject
Project("{FAE04EC0-301F-11D3-BF4B-00C04F79EFBC}") = "Document.Api", "src\Microservices\Document\Document.Api\Document.Api.csproj", "{0F2337E0-4CF9-44F7-AC43-C017AA339778}"
EndProject
Project("{FAE04EC0-301F-11D3-BF4B-00C04F79EFBC}") = "Document.Inftrastructure", "src\Microservices\Document\Document.Inftrastructure\Document.Inftrastructure.csproj", "{0C4759EA-C076-42F3-94BE-CCFE29DE4CA2}"
EndProject
Project("{FAE04EC0-301F-11D3-BF4B-00C04F79EFBC}") = "Document.Domain", "src\Microservices\Document\Document.Domain\Document.Domain.csproj", "{06462462-8B20-4A34-8AC3-673B2C355814}"
EndProject
Global
	GlobalSection(SolutionConfigurationPlatforms) = preSolution
		Debug|Any CPU = Debug|Any CPU
		Debug|x64 = Debug|x64
		Debug|x86 = Debug|x86
		Release|Any CPU = Release|Any CPU
		Release|x64 = Release|x64
		Release|x86 = Release|x86
	EndGlobalSection
	GlobalSection(SolutionProperties) = preSolution
		HideSolutionNode = FALSE
	EndGlobalSection
	GlobalSection(ProjectConfigurationPlatforms) = postSolution
		{36DBAAA0-0889-47C2-99ED-598738535109}.Debug|Any CPU.ActiveCfg = Debug|Any CPU
		{36DBAAA0-0889-47C2-99ED-598738535109}.Debug|Any CPU.Build.0 = Debug|Any CPU
		{36DBAAA0-0889-47C2-99ED-598738535109}.Debug|x64.ActiveCfg = Debug|Any CPU
		{36DBAAA0-0889-47C2-99ED-598738535109}.Debug|x64.Build.0 = Debug|Any CPU
		{36DBAAA0-0889-47C2-99ED-598738535109}.Debug|x86.ActiveCfg = Debug|Any CPU
		{36DBAAA0-0889-47C2-99ED-598738535109}.Debug|x86.Build.0 = Debug|Any CPU
		{36DBAAA0-0889-47C2-99ED-598738535109}.Release|Any CPU.ActiveCfg = Release|Any CPU
		{36DBAAA0-0889-47C2-99ED-598738535109}.Release|Any CPU.Build.0 = Release|Any CPU
		{36DBAAA0-0889-47C2-99ED-598738535109}.Release|x64.ActiveCfg = Release|Any CPU
		{36DBAAA0-0889-47C2-99ED-598738535109}.Release|x64.Build.0 = Release|Any CPU
		{36DBAAA0-0889-47C2-99ED-598738535109}.Release|x86.ActiveCfg = Release|Any CPU
		{36DBAAA0-0889-47C2-99ED-598738535109}.Release|x86.Build.0 = Release|Any CPU
		{0F2337E0-4CF9-44F7-AC43-C017AA339778}.Debug|Any CPU.ActiveCfg = Debug|Any CPU
		{0F2337E0-4CF9-44F7-AC43-C017AA339778}.Debug|Any CPU.Build.0 = Debug|Any CPU
		{0F2337E0-4CF9-44F7-AC43-C017AA339778}.Debug|x64.ActiveCfg = Debug|Any CPU
		{0F2337E0-4CF9-44F7-AC43-C017AA339778}.Debug|x64.Build.0 = Debug|Any CPU
		{0F2337E0-4CF9-44F7-AC43-C017AA339778}.Debug|x86.ActiveCfg = Debug|Any CPU
		{0F2337E0-4CF9-44F7-AC43-C017AA339778}.Debug|x86.Build.0 = Debug|Any CPU
		{0F2337E0-4CF9-44F7-AC43-C017AA339778}.Release|Any CPU.ActiveCfg = Release|Any CPU
		{0F2337E0-4CF9-44F7-AC43-C017AA339778}.Release|Any CPU.Build.0 = Release|Any CPU
		{0F2337E0-4CF9-44F7-AC43-C017AA339778}.Release|x64.ActiveCfg = Release|Any CPU
		{0F2337E0-4CF9-44F7-AC43-C017AA339778}.Release|x64.Build.0 = Release|Any CPU
		{0F2337E0-4CF9-44F7-AC43-C017AA339778}.Release|x86.ActiveCfg = Release|Any CPU
		{0F2337E0-4CF9-44F7-AC43-C017AA339778}.Release|x86.Build.0 = Release|Any CPU
		{0C4759EA-C076-42F3-94BE-CCFE29DE4CA2}.Debug|Any CPU.ActiveCfg = Debug|Any CPU
		{0C4759EA-C076-42F3-94BE-CCFE29DE4CA2}.Debug|Any CPU.Build.0 = Debug|Any CPU
		{0C4759EA-C076-42F3-94BE-CCFE29DE4CA2}.Debug|x64.ActiveCfg = Debug|Any CPU
		{0C4759EA-C076-42F3-94BE-CCFE29DE4CA2}.Debug|x64.Build.0 = Debug|Any CPU
		{0C4759EA-C076-42F3-94BE-CCFE29DE4CA2}.Debug|x86.ActiveCfg = Debug|Any CPU
		{0C4759EA-C076-42F3-94BE-CCFE29DE4CA2}.Debug|x86.Build.0 = Debug|Any CPU
		{0C4759EA-C076-42F3-94BE-CCFE29DE4CA2}.Release|Any CPU.ActiveCfg = Release|Any CPU
		{0C4759EA-C076-42F3-94BE-CCFE29DE4CA2}.Release|Any CPU.Build.0 = Release|Any CPU
		{0C4759EA-C076-42F3-94BE-CCFE29DE4CA2}.Release|x64.ActiveCfg = Release|Any CPU
		{0C4759EA-C076-42F3-94BE-CCFE29DE4CA2}.Release|x64.Build.0 = Release|Any CPU
		{0C4759EA-C076-42F3-94BE-CCFE29DE4CA2}.Release|x86.ActiveCfg = Release|Any CPU
		{0C4759EA-C076-42F3-94BE-CCFE29DE4CA2}.Release|x86.Build.0 = Release|Any CPU
		{06462462-8B20-4A34-8AC3-673B2C355814}.Debug|Any CPU.ActiveCfg = Debug|Any CPU
		{06462462-8B20-4A34-8AC3-673B2C355814}.Debug|Any CPU.Build.0 = Debug|Any CPU
		{06462462-8B20-4A34-8AC3-673B2C355814}.Debug|x64.ActiveCfg = Debug|Any CPU
		{06462462-8B20-4A34-8AC3-673B2C355814}.Debug|x64.Build.0 = Debug|Any CPU
		{06462462-8B20-4A34-8AC3-673B2C355814}.Debug|x86.ActiveCfg = Debug|Any CPU
		{06462462-8B20-4A34-8AC3-673B2C355814}.Debug|x86.Build.0 = Debug|Any CPU
		{06462462-8B20-4A34-8AC3-673B2C355814}.Release|Any CPU.ActiveCfg = Release|Any CPU
		{06462462-8B20-4A34-8AC3-673B2C355814}.Release|Any CPU.Build.0 = Release|Any CPU
		{06462462-8B20-4A34-8AC3-673B2C355814}.Release|x64.ActiveCfg = Release|Any CPU
		{06462462-8B20-4A34-8AC3-673B2C355814}.Release|x64.Build.0 = Release|Any CPU
		{06462462-8B20-4A34-8AC3-673B2C355814}.Release|x86.ActiveCfg = Release|Any CPU
		{06462462-8B20-4A34-8AC3-673B2C355814}.Release|x86.Build.0 = Release|Any CPU
	EndGlobalSection
	GlobalSection(NestedProjects) = preSolution
		{28FB9832-91E7-45ED-88A5-AC598E768A05} = {93612255-655D-42FA-8C21-F8C2F860B6FF}
		{36DBAAA0-0889-47C2-99ED-598738535109} = {28FB9832-91E7-45ED-88A5-AC598E768A05}
		{E7B020DC-EC9A-4FF0-B1F3-F119E1853138} = {93612255-655D-42FA-8C21-F8C2F860B6FF}
		{B61A4401-E8D7-4956-9A8C-4A54B1331800} = {E7B020DC-EC9A-4FF0-B1F3-F119E1853138}
		{0F2337E0-4CF9-44F7-AC43-C017AA339778} = {B61A4401-E8D7-4956-9A8C-4A54B1331800}
		{0C4759EA-C076-42F3-94BE-CCFE29DE4CA2} = {B61A4401-E8D7-4956-9A8C-4A54B1331800}
		{06462462-8B20-4A34-8AC3-673B2C355814} = {B61A4401-E8D7-4956-9A8C-4A54B1331800}
	EndGlobalSection
EndGlobal
